
Microsoft Visual Studio Solution File, Format Version 12.00
# Visual Studio 15
Project("{FAE04EC0-301F-11D3-BF4B-00C04F79EFBC}") = "GlossoPhobia_temp", "GlossoPhobia_temp.csproj", "{43623760-F09D-23E4-3A24-A7BD6B711BB6}"
EndProject
Project("{FAE04EC0-301F-11D3-BF4B-00C04F79EFBC}") = "GlossoPhobia_temp.Editor", "GlossoPhobia_temp.Editor.csproj", "{9D1DE1BD-ECF4-CB41-A5B2-DBBCCF9C3BAA}"
EndProject
Global
	GlobalSection(SolutionConfigurationPlatforms) = preSolution
		Debug|Any CPU = Debug|Any CPU
		Release|Any CPU = Release|Any CPU
	EndGlobalSection
	GlobalSection(ProjectConfigurationPlatforms) = postSolution
		{43623760-F09D-23E4-3A24-A7BD6B711BB6}.Debug|Any CPU.ActiveCfg = Debug|Any CPU
		{43623760-F09D-23E4-3A24-A7BD6B711BB6}.Debug|Any CPU.Build.0 = Debug|Any CPU
		{43623760-F09D-23E4-3A24-A7BD6B711BB6}.Release|Any CPU.ActiveCfg = Release|Any CPU
		{43623760-F09D-23E4-3A24-A7BD6B711BB6}.Release|Any CPU.Build.0 = Release|Any CPU
		{9D1DE1BD-ECF4-CB41-A5B2-DBBCCF9C3BAA}.Debug|Any CPU.ActiveCfg = Debug|Any CPU
		{9D1DE1BD-ECF4-CB41-A5B2-DBBCCF9C3BAA}.Debug|Any CPU.Build.0 = Debug|Any CPU
		{9D1DE1BD-ECF4-CB41-A5B2-DBBCCF9C3BAA}.Release|Any CPU.ActiveCfg = Release|Any CPU
		{9D1DE1BD-ECF4-CB41-A5B2-DBBCCF9C3BAA}.Release|Any CPU.Build.0 = Release|Any CPU
	EndGlobalSection
	GlobalSection(SolutionProperties) = preSolution
		HideSolutionNode = FALSE
	EndGlobalSection
EndGlobal
